
Microsoft Visual Studio Solution File, Format Version 12.00
# Visual Studio Version 17
VisualStudioVersion = 17.3.32901.215
MinimumVisualStudioVersion = 10.0.40219.1
Project("{FAE04EC0-301F-11D3-BF4B-00C04F79EFBC}") = "SuperStomper", "SuperStomper.csproj", "{7516A253-5C7C-4E75-929A-78E751B11DD1}"
EndProject
Global
	GlobalSection(SolutionConfigurationPlatforms) = preSolution
		Debug|Any CPU = Debug|Any CPU
		Release|Any CPU = Release|Any CPU
	EndGlobalSection
	GlobalSection(ProjectConfigurationPlatforms) = postSolution
		{7516A253-5C7C-4E75-929A-78E751B11DD1}.Debug|Any CPU.ActiveCfg = Debug|Any CPU
		{7516A253-5C7C-4E75-929A-78E751B11DD1}.Debug|Any CPU.Build.0 = Debug|Any CPU
		{7516A253-5C7C-4E75-929A-78E751B11DD1}.Release|Any CPU.ActiveCfg = Release|Any CPU
		{7516A253-5C7C-4E75-929A-78E751B11DD1}.Release|Any CPU.Build.0 = Release|Any CPU
	EndGlobalSection
	GlobalSection(SolutionProperties) = preSolution
		HideSolutionNode = FALSE
	EndGlobalSection
	GlobalSection(ExtensibilityGlobals) = postSolution
		SolutionGuid = {31CD4FBF-583D-4ABF-AD3C-6F146950FABC}
	EndGlobalSection
EndGlobal
